# Generated by pub
# See https://dart.dev/tools/pub/glossary#lockfile
packages:
  archive:
    dependency: transitive
    description:
      name: archive
      url: "https://pub.dartlang.org"
    source: hosted
    version: "3.0.0-nullsafety.0"
  args:
    dependency: transitive
    description:
      name: args
      url: "https://pub.dartlang.org"
    source: hosted
    version: "2.0.0"
  async:
    dependency: transitive
    description:
      name: async
      url: "https://pub.dartlang.org"
    source: hosted
    version: "2.5.0-nullsafety.3"
  background_fetch:
    dependency: "direct main"
    description:
      path: "."
      ref: HEAD
      resolved-ref: "8c03a2b332b3f89b0e9b982bec0987b4fca8f65c"
      url: "https://github.com/transistorsoft/flutter_background_fetch"
    source: git
    version: "0.6.0"
  boolean_selector:
    dependency: transitive
    description:
      name: boolean_selector
      url: "https://pub.dartlang.org"
    source: hosted
    version: "2.1.0-nullsafety.3"
  characters:
    dependency: transitive
    description:
      name: characters
      url: "https://pub.dartlang.org"
    source: hosted
    version: "1.1.0-nullsafety.5"
  charcode:
    dependency: transitive
    description:
      name: charcode
      url: "https://pub.dartlang.org"
    source: hosted
    version: "1.2.0-nullsafety.3"
  clock:
    dependency: transitive
    description:
      name: clock
      url: "https://pub.dartlang.org"
    source: hosted
    version: "1.1.0-nullsafety.3"
  collection:
    dependency: transitive
    description:
      name: collection
      url: "https://pub.dartlang.org"
    source: hosted
    version: "1.15.0-nullsafety.5"
  cookie_jar:
    dependency: transitive
    description:
      name: cookie_jar
      url: "https://pub.dartlang.org"
    source: hosted
    version: "1.0.1"
  crypto:
    dependency: "direct main"
    description:
      name: crypto
      url: "https://pub.dartlang.org"
    source: hosted
    version: "3.0.0-nullsafety.0"
  csslib:
    dependency: transitive
    description:
      name: csslib
      url: "https://pub.dartlang.org"
    source: hosted
    version: "0.16.2"
  cupertino_icons:
    dependency: "direct main"
    description:
      name: cupertino_icons
      url: "https://pub.dartlang.org"
    source: hosted
    version: "1.0.2"
  dio:
    dependency: "direct main"
    description:
      name: dio
      url: "https://pub.dartlang.org"
    source: hosted
    version: "3.0.10"
  dio_cookie_manager:
    dependency: "direct main"
    description:
      name: dio_cookie_manager
      url: "https://pub.dartlang.org"
    source: hosted
    version: "1.0.0"
  fake_async:
    dependency: transitive
    description:
      name: fake_async
      url: "https://pub.dartlang.org"
    source: hosted
    version: "1.2.0-nullsafety.3"
  ffi:
    dependency: transitive
    description:
      name: ffi
      url: "https://pub.dartlang.org"
    source: hosted
    version: "0.3.0-nullsafety.1"
  file:
    dependency: transitive
    description:
      name: file
      url: "https://pub.dartlang.org"
    source: hosted
    version: "6.0.0-nullsafety.4"
  fluro:
    dependency: "direct main"
    description:
      path: "."
      ref: null-safety
      resolved-ref: ebecb8f19f6a13921cfebb827b17e1780d3c4660
      url: "https://github.com/theyakka/fluro"
    source: git
    version: "1.8.0-nullsafety.0"
  flutter:
    dependency: "direct main"
    description: flutter
    source: sdk
    version: "0.0.0"
  flutter_duration_picker:
    dependency: "direct main"
    description:
      path: "."
      ref: HEAD
      resolved-ref: a44d26ff31ae593c4cb87e7e4d27951f7049c694
      url: "https://github.com/cdharris/flutter_duration_picker.git"
    source: git
    version: "1.0.4"
  flutter_feather_icons:
    dependency: "direct main"
    description:
      name: flutter_feather_icons
      url: "https://pub.dartlang.org"
    source: hosted
    version: "1.0.3"
  flutter_launcher_icons:
    dependency: "direct dev"
    description:
      path: "."
      ref: null-safety
      resolved-ref: baa4a620673a29f6bf390aaaddd79aa4e6bbc468
      url: "https://github.com/fluttercommunity/flutter_launcher_icons"
    source: git
    version: "1.0.0-nullsafety.0"
  flutter_local_notifications:
    dependency: "direct main"
    description:
      path: "flutter_local_notifications/"
      ref: null_safety_platform_interface
      resolved-ref: f113f461beffcc67ba37fbbe5c4a8aa6b1f5714c
      url: "https://github.com/MaikuB/flutter_local_notifications"
    source: git
    version: "4.0.0"
  flutter_local_notifications_platform_interface:
    dependency: transitive
    description:
      name: flutter_local_notifications_platform_interface
      url: "https://pub.dartlang.org"
    source: hosted
    version: "2.0.0+1"
  flutter_localizations:
    dependency: "direct main"
    description: flutter
    source: sdk
    version: "0.0.0"
  flutter_svg:
    dependency: "direct main"
    description:
      name: flutter_svg
      url: "https://pub.dartlang.org"
    source: hosted
    version: "0.20.0-nullsafety.3"
  flutter_test:
    dependency: "direct dev"
    description: flutter
    source: sdk
    version: "0.0.0"
  flutter_widget_from_html_core:
    dependency: "direct main"
    description:
      path: "packages/core/"
      ref: HEAD
      resolved-ref: "9078066d864b4972ae22c2c4e921527443898c57"
      url: "https://github.com/daohoangson/flutter_widget_from_html"
    source: git
    version: "0.5.2-rc.2021011801"
  html:
    dependency: transitive
    description:
      name: html
      url: "https://pub.dartlang.org"
    source: hosted
    version: "0.14.0+4"
  http_parser:
    dependency: transitive
    description:
      name: http_parser
      url: "https://pub.dartlang.org"
    source: hosted
    version: "3.1.4"
  image:
    dependency: transitive
    description:
      name: image
      url: "https://pub.dartlang.org"
    source: hosted
    version: "3.0.0-nullsafety.0"
  intl:
    dependency: transitive
    description:
      name: intl
      url: "https://pub.dartlang.org"
    source: hosted
    version: "0.17.0-nullsafety.2"
  logger:
    dependency: "direct main"
    description:
      path: "."
      ref: HEAD
      resolved-ref: "54c8df4025f95c83e9a9c91ed09e0a3077696e7a"
      url: "https://github.com/leisim/logger"
    source: git
    version: "0.9.4"
  matcher:
    dependency: transitive
    description:
      name: matcher
      url: "https://pub.dartlang.org"
    source: hosted
    version: "0.12.10-nullsafety.3"
  meta:
    dependency: transitive
    description:
      name: meta
      url: "https://pub.dartlang.org"
    source: hosted
    version: "1.3.0-nullsafety.6"
  overlay_support:
    dependency: "direct main"
    description:
      path: "."
      ref: HEAD
      resolved-ref: "2b099b25b861b9412a3290b546d2a6c344b1b09b"
      url: "https://github.com/boyan01/overlay_support"
    source: git
    version: "1.2.0-nullsafety.0"
  path:
    dependency: transitive
    description:
      name: path
      url: "https://pub.dartlang.org"
    source: hosted
    version: "1.8.0-nullsafety.3"
  path_drawing:
    dependency: transitive
    description:
      name: path_drawing
      url: "https://pub.dartlang.org"
    source: hosted
    version: "0.5.0-nullsafety.0"
  path_parsing:
    dependency: transitive
    description:
      name: path_parsing
      url: "https://pub.dartlang.org"
    source: hosted
    version: "0.2.0-nullsafety.0"
  path_provider:
    dependency: "direct main"
    description:
      path: "packages/path_provider/path_provider/"
      ref: "path_provider-v2.0.0-nullsafety"
      resolved-ref: "7f5696c88c3e6b6eaba45bed7b6f755258e1ba5c"
      url: "https://github.com/flutter/plugins"
    source: git
    version: "2.0.0-nullsafety"
  path_provider_linux:
    dependency: transitive
    description:
      name: path_provider_linux
      url: "https://pub.dartlang.org"
    source: hosted
    version: "0.2.0-nullsafety"
  path_provider_macos:
    dependency: transitive
    description:
      name: path_provider_macos
      url: "https://pub.dartlang.org"
    source: hosted
    version: "0.0.5-nullsafety"
  path_provider_platform_interface:
    dependency: transitive
    description:
      name: path_provider_platform_interface
      url: "https://pub.dartlang.org"
    source: hosted
    version: "2.0.0-nullsafety"
  path_provider_windows:
    dependency: transitive
    description:
      name: path_provider_windows
      url: "https://pub.dartlang.org"
    source: hosted
    version: "0.1.0-nullsafety.2"
  pedantic:
    dependency: "direct dev"
    description:
      name: pedantic
      url: "https://pub.dartlang.org"
    source: hosted
    version: "1.10.0"
  petitparser:
    dependency: transitive
    description:
      name: petitparser
      url: "https://pub.dartlang.org"
    source: hosted
    version: "4.0.0-nullsafety.1"
  platform:
    dependency: transitive
    description:
      name: platform
      url: "https://pub.dartlang.org"
    source: hosted
    version: "3.0.0"
  plugin_platform_interface:
    dependency: transitive
    description:
      name: plugin_platform_interface
      url: "https://pub.dartlang.org"
    source: hosted
    version: "1.1.0-nullsafety.1"
  process:
    dependency: transitive
    description:
      name: process
      url: "https://pub.dartlang.org"
    source: hosted
    version: "4.0.0-nullsafety.4"
  sky_engine:
    dependency: transitive
    description: flutter
    source: sdk
    version: "0.0.99"
  source_span:
    dependency: transitive
    description:
      name: source_span
      url: "https://pub.dartlang.org"
    source: hosted
    version: "1.8.0-nullsafety.4"
  stack_trace:
    dependency: transitive
    description:
      name: stack_trace
      url: "https://pub.dartlang.org"
    source: hosted
    version: "1.10.0-nullsafety.6"
  stream_channel:
    dependency: transitive
    description:
      name: stream_channel
      url: "https://pub.dartlang.org"
    source: hosted
    version: "2.1.0-nullsafety.3"
  string_scanner:
    dependency: transitive
    description:
      name: string_scanner
      url: "https://pub.dartlang.org"
    source: hosted
    version: "1.1.0-nullsafety.3"
  term_glyph:
    dependency: transitive
    description:
      name: term_glyph
      url: "https://pub.dartlang.org"
    source: hosted
    version: "1.2.0-nullsafety.3"
  test_api:
    dependency: transitive
    description:
      name: test_api
      url: "https://pub.dartlang.org"
    source: hosted
    version: "0.2.19-nullsafety.6"
  timezone:
    dependency: transitive
    description:
      name: timezone
      url: "https://pub.dartlang.org"
    source: hosted
    version: "0.6.1"
  typed_data:
    dependency: transitive
    description:
      name: typed_data
      url: "https://pub.dartlang.org"
    source: hosted
    version: "1.3.0-nullsafety.5"
  universal_html:
    dependency: "direct main"
    description:
      name: universal_html
      url: "https://pub.dartlang.org"
    source: hosted
    version: "1.2.4"
  universal_io:
    dependency: "direct main"
    description:
      name: universal_io
      url: "https://pub.dartlang.org"
    source: hosted
    version: "2.0.0-nullsafety.2"
  url_launcher:
    dependency: "direct main"
    description:
      path: "packages/url_launcher/url_launcher/"
      ref: "url_launcher-v6.0.0-nullsafety.6"
      resolved-ref: "647f69875803314f044730847a2263cd71c714e6"
      url: "https://github.com/flutter/plugins"
    source: git
    version: "6.0.0-nullsafety.6"
  url_launcher_linux:
    dependency: transitive
    description:
      name: url_launcher_linux
      url: "https://pub.dartlang.org"
    source: hosted
    version: "0.1.0-nullsafety.3"
  url_launcher_macos:
    dependency: transitive
    description:
      name: url_launcher_macos
      url: "https://pub.dartlang.org"
    source: hosted
    version: "0.1.0-nullsafety.2"
  url_launcher_platform_interface:
    dependency: transitive
    description:
      name: url_launcher_platform_interface
      url: "https://pub.dartlang.org"
    source: hosted
    version: "2.0.0-nullsafety.1"
  url_launcher_windows:
    dependency: transitive
    description:
      name: url_launcher_windows
      url: "https://pub.dartlang.org"
    source: hosted
    version: "0.1.0-nullsafety.2"
  vector_math:
    dependency: transitive
    description:
      name: vector_math
      url: "https://pub.dartlang.org"
    source: hosted
    version: "2.1.0-nullsafety.5"
  win32:
    dependency: transitive
    description:
      name: win32
      url: "https://pub.dartlang.org"
    source: hosted
    version: "2.0.0-nullsafety.10"
  xdg_directories:
    dependency: transitive
    description:
      name: xdg_directories
      url: "https://pub.dartlang.org"
    source: hosted
    version: "0.2.0-nullsafety.1"
  xml:
    dependency: transitive
    description:
      name: xml
      url: "https://pub.dartlang.org"
    source: hosted
    version: "5.0.0-nullsafety.1"
  yaml:
    dependency: transitive
    description:
      name: yaml
      url: "https://pub.dartlang.org"
    source: hosted
    version: "3.0.0-nullsafety.0"
  zone_local:
    dependency: transitive
    description:
      name: zone_local
      url: "https://pub.dartlang.org"
    source: hosted
    version: "0.1.2"
sdks:
  dart: ">=2.12.0-259.8.beta <3.0.0"
  flutter: ">=1.24.0-7.0"
