# Generated by pub
# See https://dart.dev/tools/pub/glossary#lockfile
packages:
  _fe_analyzer_shared:
    dependency: transitive
    description:
      name: _fe_analyzer_shared
      url: "https://pub.dartlang.org"
    source: hosted
    version: "22.0.0"
  analyzer:
    dependency: transitive
    description:
      name: analyzer
      url: "https://pub.dartlang.org"
    source: hosted
    version: "1.7.2"
  archive:
    dependency: transitive
    description:
      name: archive
      url: "https://pub.dartlang.org"
    source: hosted
    version: "3.1.2"
  args:
    dependency: transitive
    description:
      name: args
      url: "https://pub.dartlang.org"
    source: hosted
    version: "2.0.0"
  asn1lib:
    dependency: transitive
    description:
      name: asn1lib
      url: "https://pub.dartlang.org"
    source: hosted
    version: "1.0.2"
  async:
    dependency: transitive
    description:
      name: async
      url: "https://pub.dartlang.org"
    source: hosted
    version: "2.8.2"
  background_fetch:
    dependency: "direct main"
    description:
      path: "."
      ref: HEAD
      resolved-ref: "724a13feeead45dcc491a9d52f867bf6f9c86d50"
      url: "https://github.com/transistorsoft/flutter_background_fetch"
    source: git
    version: "1.0.1"
  boolean_selector:
    dependency: transitive
    description:
      name: boolean_selector
      url: "https://pub.dartlang.org"
    source: hosted
    version: "2.1.0"
  characters:
    dependency: transitive
    description:
      name: characters
      url: "https://pub.dartlang.org"
    source: hosted
    version: "1.2.0"
  charcode:
    dependency: transitive
    description:
      name: charcode
      url: "https://pub.dartlang.org"
    source: hosted
    version: "1.3.1"
  cli_util:
    dependency: transitive
    description:
      name: cli_util
      url: "https://pub.dartlang.org"
    source: hosted
    version: "0.3.3"
  clock:
    dependency: transitive
    description:
      name: clock
      url: "https://pub.dartlang.org"
    source: hosted
    version: "1.1.0"
  collection:
    dependency: transitive
    description:
      name: collection
      url: "https://pub.dartlang.org"
    source: hosted
    version: "1.15.0"
  convert:
    dependency: transitive
    description:
      name: convert
      url: "https://pub.dartlang.org"
    source: hosted
    version: "3.0.1"
  cookie_jar:
    dependency: transitive
    description:
      name: cookie_jar
      url: "https://pub.dartlang.org"
    source: hosted
    version: "3.0.1"
  crypto:
    dependency: transitive
    description:
      name: crypto
      url: "https://pub.dartlang.org"
    source: hosted
    version: "3.0.1"
  csslib:
    dependency: "direct overridden"
    description:
      name: csslib
      url: "https://pub.dartlang.org"
    source: hosted
    version: "0.17.0"
  cupertino_icons:
    dependency: "direct main"
    description:
      name: cupertino_icons
      url: "https://pub.dartlang.org"
    source: hosted
    version: "1.0.3"
  dio:
    dependency: "direct overridden"
    description:
      path: dio
      ref: HEAD
      resolved-ref: "20506b496d41d7c2cc71d323e22634e99dc3ef21"
      url: "https://github.com/flutterchina/dio.git"
    source: git
    version: "4.0.0"
  dio_cookie_manager:
    dependency: "direct main"
    description:
      path: "plugins/cookie_manager"
      ref: HEAD
      resolved-ref: "20506b496d41d7c2cc71d323e22634e99dc3ef21"
      url: "https://github.com/flutterchina/dio.git"
    source: git
    version: "2.0.0"
  duration_picker:
    dependency: "direct main"
    description:
      path: "."
      ref: HEAD
      resolved-ref: "252dee3e7a24c5006409295e0c28ec19cede9d62"
      url: "https://github.com/juliansteenbakker/duration_picker"
    source: git
    version: "1.0.1"
  encrypt:
    dependency: "direct main"
    description:
      name: encrypt
      url: "https://pub.dartlang.org"
    source: hosted
    version: "5.0.1"
  equatable:
    dependency: transitive
    description:
      name: equatable
      url: "https://pub.dartlang.org"
    source: hosted
    version: "2.0.3"
  fake_async:
    dependency: transitive
    description:
      name: fake_async
      url: "https://pub.dartlang.org"
    source: hosted
    version: "1.2.0"
  ffi:
    dependency: transitive
    description:
      name: ffi
      url: "https://pub.dartlang.org"
    source: hosted
    version: "1.1.2"
  file:
    dependency: transitive
    description:
      name: file
      url: "https://pub.dartlang.org"
    source: hosted
    version: "6.1.2"
  flutter:
    dependency: "direct main"
    description: flutter
    source: sdk
    version: "0.0.0"
  flutter_feather_icons:
    dependency: "direct main"
    description:
      path: "."
      ref: HEAD
      resolved-ref: "0ad50a4e1b00bf78831040662a2c3feb5c8b814b"
      url: "https://github.com/NikSWE/flutter_feather_icons"
    source: git
    version: "2.0.0+1"
  flutter_launcher_icons:
    dependency: "direct dev"
    description:
      path: "."
      ref: null-safety
      resolved-ref: "856cb7f22985d1cd7af3824b44890f24f74d0008"
      url: "https://github.com/fluttercommunity/flutter_launcher_icons"
    source: git
    version: "0.9.0"
  flutter_lints:
    dependency: transitive
    description:
      name: flutter_lints
      url: "https://pub.dartlang.org"
    source: hosted
    version: "1.0.4"
  flutter_local_notifications:
    dependency: "direct main"
    description:
      path: flutter_local_notifications
      ref: HEAD
      resolved-ref: "025244580d5cb7d54b897e5b05de549dece3b1f4"
      url: "https://github.com/MaikuB/flutter_local_notifications"
    source: git
    version: "8.1.1+1"
  flutter_local_notifications_platform_interface:
    dependency: transitive
    description:
      name: flutter_local_notifications_platform_interface
      url: "https://pub.dartlang.org"
    source: hosted
    version: "4.0.1"
  flutter_localizations:
    dependency: "direct main"
    description: flutter
    source: sdk
    version: "0.0.0"
  flutter_secure_storage:
    dependency: "direct main"
    description:
      name: flutter_secure_storage
      url: "https://pub.dartlang.org"
    source: hosted
    version: "4.2.1"
  flutter_test:
    dependency: "direct dev"
    description: flutter
    source: sdk
    version: "0.0.0"
  flutter_web_plugins:
    dependency: transitive
    description: flutter
    source: sdk
    version: "0.0.0"
  flutter_widget_from_html_core:
    dependency: "direct main"
    description:
      path: "packages/core"
      ref: HEAD
      resolved-ref: ec3834dab87dbc779453ad045a3802e042068e10
      url: "https://github.com/daohoangson/flutter_widget_from_html"
    source: git
    version: "0.7.0-dev.2021082103"
  gettext_parser:
    dependency: transitive
    description:
      name: gettext_parser
      url: "https://pub.dartlang.org"
    source: hosted
    version: "0.2.0"
  glob:
    dependency: transitive
    description:
      name: glob
      url: "https://pub.dartlang.org"
    source: hosted
    version: "2.0.1"
  html:
    dependency: "direct overridden"
    description:
      name: html
      url: "https://pub.dartlang.org"
    source: hosted
    version: "0.15.0"
  http_parser:
    dependency: transitive
    description:
      name: http_parser
      url: "https://pub.dartlang.org"
    source: hosted
    version: "4.0.0"
  i18n_extension:
    dependency: "direct main"
    description:
      name: i18n_extension
      url: "https://pub.dartlang.org"
    source: hosted
    version: "4.1.1"
  image:
    dependency: transitive
    description:
      name: image
      url: "https://pub.dartlang.org"
    source: hosted
    version: "3.0.2"
  intl:
    dependency: transitive
    description:
      name: intl
      url: "https://pub.dartlang.org"
    source: hosted
    version: "0.17.0"
  js:
    dependency: transitive
    description:
      name: js
      url: "https://pub.dartlang.org"
    source: hosted
    version: "0.6.3"
  lints:
    dependency: transitive
    description:
      name: lints
      url: "https://pub.dartlang.org"
    source: hosted
    version: "1.0.1"
  logger:
    dependency: "direct main"
    description:
      path: "."
      ref: HEAD
      resolved-ref: a48733eb1a6ee8af398ac6d88748d6a69c724f2e
      url: "https://github.com/leisim/logger"
    source: git
    version: "1.1.0"
  matcher:
    dependency: transitive
    description:
      name: matcher
      url: "https://pub.dartlang.org"
    source: hosted
    version: "0.12.11"
  meta:
    dependency: transitive
    description:
      name: meta
      url: "https://pub.dartlang.org"
    source: hosted
    version: "1.7.0"
  overlay_support:
    dependency: "direct main"
    description:
      path: "."
      ref: HEAD
      resolved-ref: "40e31cf04545c42fb5c7d81c7b2f1fad0e297746"
      url: "https://github.com/boyan01/overlay_support"
    source: git
    version: "1.2.1"
  package_config:
    dependency: transitive
    description:
      name: package_config
      url: "https://pub.dartlang.org"
    source: hosted
    version: "2.0.0"
  path:
    dependency: transitive
    description:
      name: path
      url: "https://pub.dartlang.org"
    source: hosted
    version: "1.8.0"
  path_provider:
    dependency: "direct main"
    description:
      path: "packages/path_provider/path_provider"
      ref: HEAD
      resolved-ref: "56f092a8105d2a21d26844edb1bf8458f79f195e"
      url: "https://github.com/flutter/plugins"
    source: git
    version: "2.0.3"
  path_provider_linux:
    dependency: transitive
    description:
      name: path_provider_linux
      url: "https://pub.dartlang.org"
    source: hosted
    version: "2.0.2"
  path_provider_macos:
    dependency: transitive
    description:
      name: path_provider_macos
      url: "https://pub.dartlang.org"
    source: hosted
    version: "2.0.2"
  path_provider_platform_interface:
    dependency: transitive
    description:
      name: path_provider_platform_interface
      url: "https://pub.dartlang.org"
    source: hosted
    version: "2.0.1"
  path_provider_windows:
    dependency: transitive
    description:
      name: path_provider_windows
      url: "https://pub.dartlang.org"
    source: hosted
    version: "2.0.3"
  pedantic:
    dependency: "direct dev"
    description:
      name: pedantic
      url: "https://pub.dartlang.org"
    source: hosted
    version: "1.11.1"
  petitparser:
    dependency: transitive
    description:
      name: petitparser
      url: "https://pub.dartlang.org"
    source: hosted
    version: "4.2.0"
  platform:
    dependency: transitive
    description:
      name: platform
      url: "https://pub.dartlang.org"
    source: hosted
    version: "3.0.2"
  plugin_platform_interface:
    dependency: transitive
    description:
      name: plugin_platform_interface
      url: "https://pub.dartlang.org"
    source: hosted
    version: "2.0.1"
  pointycastle:
    dependency: transitive
    description:
      name: pointycastle
      url: "https://pub.dartlang.org"
    source: hosted
    version: "3.3.1"
  process:
    dependency: transitive
    description:
      name: process
      url: "https://pub.dartlang.org"
    source: hosted
    version: "4.2.3"
  pub_semver:
    dependency: transitive
    description:
      name: pub_semver
      url: "https://pub.dartlang.org"
    source: hosted
    version: "2.0.0"
  sky_engine:
    dependency: transitive
    description: flutter
    source: sdk
    version: "0.0.99"
  source_span:
    dependency: transitive
    description:
      name: source_span
      url: "https://pub.dartlang.org"
    source: hosted
    version: "1.8.1"
  sprintf:
    dependency: transitive
    description:
      name: sprintf
      url: "https://pub.dartlang.org"
    source: hosted
    version: "6.0.0"
  stack_trace:
    dependency: transitive
    description:
      name: stack_trace
      url: "https://pub.dartlang.org"
    source: hosted
    version: "1.10.0"
  stream_channel:
    dependency: transitive
    description:
      name: stream_channel
      url: "https://pub.dartlang.org"
    source: hosted
    version: "2.1.0"
  string_scanner:
    dependency: transitive
    description:
      name: string_scanner
      url: "https://pub.dartlang.org"
    source: hosted
    version: "1.1.0"
  term_glyph:
    dependency: transitive
    description:
      name: term_glyph
      url: "https://pub.dartlang.org"
    source: hosted
    version: "1.2.0"
  test_api:
    dependency: transitive
    description:
      name: test_api
      url: "https://pub.dartlang.org"
    source: hosted
    version: "0.4.7"
  timezone:
    dependency: transitive
    description:
      name: timezone
      url: "https://pub.dartlang.org"
    source: hosted
    version: "0.7.0"
  typed_data:
    dependency: transitive
    description:
      name: typed_data
      url: "https://pub.dartlang.org"
    source: hosted
    version: "1.3.0"
  universal_html:
    dependency: "direct main"
    description:
      name: universal_html
      url: "https://pub.dartlang.org"
    source: hosted
    version: "2.0.8"
  universal_io:
    dependency: "direct overridden"
    description:
      path: "."
      ref: HEAD
      resolved-ref: "221ea9a5938d6cac68fe92238b7bf91d09ee566b"
      url: "https://github.com/dint-dev/universal_io"
    source: git
    version: "2.0.4"
  url_launcher:
    dependency: "direct main"
    description:
      path: "packages/url_launcher/url_launcher"
      ref: HEAD
      resolved-ref: "56f092a8105d2a21d26844edb1bf8458f79f195e"
      url: "https://github.com/flutter/plugins"
    source: git
    version: "6.0.10"
  url_launcher_linux:
    dependency: transitive
    description:
      name: url_launcher_linux
      url: "https://pub.dartlang.org"
    source: hosted
    version: "2.0.1"
  url_launcher_macos:
    dependency: transitive
    description:
      name: url_launcher_macos
      url: "https://pub.dartlang.org"
    source: hosted
    version: "2.0.1"
  url_launcher_platform_interface:
    dependency: transitive
    description:
      name: url_launcher_platform_interface
      url: "https://pub.dartlang.org"
    source: hosted
    version: "2.0.4"
  url_launcher_web:
    dependency: transitive
    description:
      name: url_launcher_web
      url: "https://pub.dartlang.org"
    source: hosted
    version: "2.0.4"
  url_launcher_windows:
    dependency: transitive
    description:
      name: url_launcher_windows
      url: "https://pub.dartlang.org"
    source: hosted
    version: "2.0.2"
  vector_math:
    dependency: transitive
    description:
      name: vector_math
      url: "https://pub.dartlang.org"
    source: hosted
    version: "2.1.1"
  watcher:
    dependency: transitive
    description:
      name: watcher
      url: "https://pub.dartlang.org"
    source: hosted
    version: "1.0.0"
  win32:
    dependency: transitive
    description:
      name: win32
      url: "https://pub.dartlang.org"
    source: hosted
    version: "2.2.6"
  xdg_directories:
    dependency: transitive
    description:
      name: xdg_directories
      url: "https://pub.dartlang.org"
    source: hosted
    version: "0.2.0"
  xml:
    dependency: transitive
    description:
      name: xml
      url: "https://pub.dartlang.org"
    source: hosted
    version: "5.2.0"
  yaml:
    dependency: transitive
    description:
      name: yaml
      url: "https://pub.dartlang.org"
    source: hosted
    version: "3.1.0"
sdks:
  dart: ">=2.14.0 <3.0.0"
  flutter: ">=2.2.0"
